
Microsoft Visual Studio Solution File, Format Version 12.00
# Visual Studio 15
VisualStudioVersion = 15.0.26430.16
MinimumVisualStudioVersion = 10.0.40219.1
Project("{FAE04EC0-301F-11D3-BF4B-00C04F79EFBC}") = "Monopoli", "Monopoli.csproj", "{DD8406F2-3379-45BE-BA1E-48FCD73A1EE4}"
EndProject
Project("{FAE04EC0-301F-11D3-BF4B-00C04F79EFBC}") = "PwDemo", "..\PwDemo\PwDemo.csproj", "{DECAA98D-49F8-4E93-930C-B7A3BC2F819A}"
EndProject
Global
	GlobalSection(SolutionConfigurationPlatforms) = preSolution
		Debug|Any CPU = Debug|Any CPU
		Release|Any CPU = Release|Any CPU
	EndGlobalSection
	GlobalSection(ProjectConfigurationPlatforms) = postSolution
		{DD8406F2-3379-45BE-BA1E-48FCD73A1EE4}.Debug|Any CPU.ActiveCfg = Debug|Any CPU
		{DD8406F2-3379-45BE-BA1E-48FCD73A1EE4}.Debug|Any CPU.Build.0 = Debug|Any CPU
		{DD8406F2-3379-45BE-BA1E-48FCD73A1EE4}.Release|Any CPU.ActiveCfg = Release|Any CPU
		{DD8406F2-3379-45BE-BA1E-48FCD73A1EE4}.Release|Any CPU.Build.0 = Release|Any CPU
		{DECAA98D-49F8-4E93-930C-B7A3BC2F819A}.Debug|Any CPU.ActiveCfg = Debug|Any CPU
		{DECAA98D-49F8-4E93-930C-B7A3BC2F819A}.Debug|Any CPU.Build.0 = Debug|Any CPU
		{DECAA98D-49F8-4E93-930C-B7A3BC2F819A}.Release|Any CPU.ActiveCfg = Release|Any CPU
		{DECAA98D-49F8-4E93-930C-B7A3BC2F819A}.Release|Any CPU.Build.0 = Release|Any CPU
	EndGlobalSection
	GlobalSection(SolutionProperties) = preSolution
		HideSolutionNode = FALSE
	EndGlobalSection
EndGlobal
